%{
  "abt_did_elixir": {:hex, :abt_did_elixir, "0.3.6", "9abb36f4fe0c07452fe96f21356631bd70c11f3a05f212d758849e2b48fa6953", [:mix], [{:jason, "~> 1.1", [hex: :jason, repo: "hexpm", optional: false]}, {:mcrypto, "~> 0.2", [hex: :mcrypto, repo: "hexpm", optional: false]}, {:multibase, "~> 0.0.1", [hex: :multibase, repo: "hexpm", optional: false]}, {:typed_struct, "~> 0.1.4", [hex: :typed_struct, repo: "hexpm", optional: false]}], "hexpm"},
  "base1": {:hex, :base1, "0.1.0", "493a46bb5b34bf38d3b69ea6eaff33416d222f1621231cb1a04af42a351117ea", [:mix], [], "hexpm"},
  "base2": {:hex, :base2, "0.1.0", "bc9e19f1578e1439010d26b1bee456f3ac980481a46c3643b24e15c40e1db0ed", [:mix], [], "hexpm"},
  "basefiftyeight": {:hex, :basefiftyeight, "0.1.0", "3d48544743bf9aab7ab02aed803ac42af77acf268c7d8c71d4f39e7fa85ee8d3", [:mix], [], "hexpm"},
  "bbmustache": {:hex, :bbmustache, "1.8.0", "a268d256b3d5c7cf9fd14eced58977bc71aadb7ce412e883c3a2cd0a10f3cf27", [:rebar3], [], "hexpm"},
  "blake2": {:hex, :blake2, "1.0.3", "ebac4090e74ad0adf4dc5c4c697b614b378fb054565366723d95baefdd75084d", [:mix], [], "hexpm"},
  "connection": {:hex, :connection, "1.0.4", "a1cae72211f0eef17705aaededacac3eb30e6625b04a6117c1b2db6ace7d5976", [:mix], [], "hexpm"},
  "cowboy": {:hex, :cowboy, "2.5.0", "4ef3ae066ee10fe01ea3272edc8f024347a0d3eb95f6fbb9aed556dacbfc1337", [:rebar3], [{:cowlib, "~> 2.6.0", [hex: :cowlib, repo: "hexpm", optional: false]}, {:ranch, "~> 1.6.2", [hex: :ranch, repo: "hexpm", optional: false]}], "hexpm"},
  "cowlib": {:hex, :cowlib, "2.6.0", "8aa629f81a0fc189f261dc98a42243fa842625feea3c7ec56c48f4ccdb55490f", [:rebar3], [], "hexpm"},
  "deep_merge": {:hex, :deep_merge, "0.2.0", "c1050fa2edf4848b9f556fba1b75afc66608a4219659e3311d9c9427b5b680b3", [:mix], [], "hexpm"},
  "ex_abci_proto": {:hex, :ex_abci_proto, "0.9.0", "16e302b7405551c200f6e78e094e20d71f86aae31a49221f61d9c36f0d18e457", [:mix], [{:google_protos, "~> 0.1", [hex: :google_protos, repo: "hexpm", optional: false]}, {:grpc, "~> 0.3", [hex: :grpc, repo: "hexpm", optional: false]}], "hexpm"},
  "forge_abi": {:hex, :forge_abi, "1.18.0", "a920163b4568debb69bdeb60ef2969e2c236f727749e6ca0cea78596cbfb6a6c", [:mix], [{:ex_abci_proto, "~> 0.9", [hex: :ex_abci_proto, repo: "hexpm", optional: false]}, {:jason, "~> 1.1", [hex: :jason, repo: "hexpm", optional: false]}, {:protobuf, "~> 0.6.1", [hex: :protobuf, repo: "hexpm", optional: false]}, {:typed_struct, "~> 0.1.4", [hex: :typed_struct, repo: "hexpm", optional: false]}, {:yaml_elixir, "~> 2.4", [hex: :yaml_elixir, repo: "hexpm", optional: false]}], "hexpm"},
  "forge_sdk": {:hex, :forge_sdk, "1.0.2", "ce20a607857560917de1fe1b89dd2c0a3d44190754d636886137d43d95996298", [:mix], [{:abt_did_elixir, "~> 0.3", [hex: :abt_did_elixir, repo: "hexpm", optional: false]}, {:bbmustache, "~> 1.8", [hex: :bbmustache, repo: "hexpm", optional: false]}, {:connection, "~> 1.0", [hex: :connection, repo: "hexpm", optional: false]}, {:deep_merge, "~> 0.2", [hex: :deep_merge, repo: "hexpm", optional: false]}, {:forge_abi, "~> 1.18.0", [hex: :forge_abi, repo: "hexpm", optional: false]}, {:jason, "~> 1.1", [hex: :jason, repo: "hexpm", optional: false]}, {:mcrypto, "~> 0.2", [hex: :mcrypto, repo: "hexpm", optional: false]}, {:multibase, "~> 0.0.1", [hex: :multibase, repo: "hexpm", optional: false]}, {:recase, "~> 0.6", [hex: :recase, repo: "hexpm", optional: false]}, {:toml, "~> 0.5", [hex: :toml, repo: "hexpm", optional: false]}, {:typed_struct, "~> 0.1.4", [hex: :typed_struct, repo: "hexpm", optional: false]}], "hexpm"},
  "google_protos": {:hex, :google_protos, "0.1.0", "c6b9e12092d17571b093d4156d004494ca143b65dbbcbfc3ffff463ea03467c0", [:mix], [{:protobuf, "~> 0.5", [hex: :protobuf, repo: "hexpm", optional: false]}], "hexpm"},
  "grpc": {:hex, :grpc, "0.3.1", "bba240631f1a262db865d9bc620b3e3abc0acfab27a922ad47727d057a734ab3", [:mix], [{:cowboy, "~> 2.5", [hex: :cowboy, repo: "hexpm", optional: false]}, {:gun, "~> 1.2", [hex: :gun, repo: "hexpm", optional: false]}, {:protobuf, "~> 0.5", [hex: :protobuf, repo: "hexpm", optional: false]}], "hexpm"},
  "gun": {:hex, :gun, "1.3.1", "1489fd96018431b89f401041a9ce0b02b45265247f0fdcf71273bf087c64ea4f", [:rebar3], [{:cowlib, "~> 2.6.0", [hex: :cowlib, repo: "hexpm", optional: false]}], "hexpm"},
  "jason": {:hex, :jason, "1.1.2", "b03dedea67a99223a2eaf9f1264ce37154564de899fd3d8b9a21b1a6fd64afe7", [:mix], [{:decimal, "~> 1.0", [hex: :decimal, repo: "hexpm", optional: true]}], "hexpm"},
  "keccakf1600": {:hex, :keccakf1600_orig, "2.0.0", "0a7217ddb3ee8220d449bbf7575ec39d4e967099f220a91e3dfca4dbaef91963", [:rebar3], [], "hexpm"},
  "libdecaf": {:hex, :libdecaf, "1.0.0", "3003f64cbdaf534f62f4489ba4b911b8fa7c9bee6c325ffbc372fc11357cc174", [:rebar3], [], "hexpm"},
  "libsecp256k1": {:hex, :libsecp256k1, "0.1.10", "d27495e2b9851c7765129b76c53b60f5e275bd6ff68292c50536bf6b8d091a4d", [:make, :mix], [{:mix_erlang_tasks, "0.1.0", [hex: :mix_erlang_tasks, repo: "hexpm", optional: false]}], "hexpm"},
  "mcrypto": {:hex, :mcrypto, "0.2.2", "8bb08ee302ffd4fefda46307daf9d43bcd422947420c4b27776b207eb53535e8", [:mix], [{:blake2, "~> 1.0", [hex: :blake2, repo: "hexpm", optional: false]}, {:keccakf1600, "~> 2.0", [hex: :keccakf1600_orig, repo: "hexpm", optional: false]}, {:libdecaf, "~> 1.0", [hex: :libdecaf, repo: "hexpm", optional: false]}, {:libsecp256k1, "~> 0.1.3", [hex: :libsecp256k1, repo: "hexpm", optional: false]}, {:typed_struct, "~> 0.1.4", [hex: :typed_struct, repo: "hexpm", optional: false]}], "hexpm"},
  "mix_erlang_tasks": {:hex, :mix_erlang_tasks, "0.1.0", "36819fec60b80689eb1380938675af215565a89320a9e29c72c70d97512e4649", [:mix], [], "hexpm"},
  "multibase": {:hex, :multibase, "0.0.1", "9243bebe6f7f0f9f873c770ddcddab285cc554a8dd2374b8de6b2add087eccbc", [:mix], [{:base1, "~> 0.1.0", [hex: :base1, repo: "hexpm", optional: false]}, {:base2, "~> 0.1.0", [hex: :base2, repo: "hexpm", optional: false]}, {:basefiftyeight, "~> 0.1.0", [hex: :basefiftyeight, repo: "hexpm", optional: false]}, {:zbase32, "~> 2.0.0", [hex: :zbase32, repo: "hexpm", optional: false]}], "hexpm"},
  "protobuf": {:hex, :protobuf, "0.6.3", "742e9034c20532534ca96d7a7ee1251e0f2327dcf8ea6de0dd3eb3e054b236a7", [:mix], [], "hexpm"},
  "ranch": {:hex, :ranch, "1.6.2", "6db93c78f411ee033dbb18ba8234c5574883acb9a75af0fb90a9b82ea46afa00", [:rebar3], [], "hexpm"},
  "recase": {:hex, :recase, "0.6.0", "1dd2dd2f4e06603b74977630e739f08b7fedbb9420cc14de353666c2fc8b99f4", [:mix], [], "hexpm"},
  "toml": {:hex, :toml, "0.6.1", "e1c3c91c1fc1ed87e7315a5a88e4bd1eeddf3e61dca2b708724a6a2d1a013844", [:mix], [], "hexpm"},
  "typed_struct": {:hex, :typed_struct, "0.1.4", "25971ce73a8b336dedf2f80e4dafaab111af127ba4773955b66805c89e197f6a", [:mix], [], "hexpm"},
  "yamerl": {:hex, :yamerl, "0.7.0", "e51dba652dce74c20a88294130b48051ebbbb0be7d76f22de064f0f3ccf0aaf5", [:rebar3], [], "hexpm"},
  "yaml_elixir": {:hex, :yaml_elixir, "2.4.0", "2f444abc3c994c902851fde56b6a9cb82895c291c05a0490a289035c2e62ae71", [:mix], [{:yamerl, "~> 0.7", [hex: :yamerl, repo: "hexpm", optional: false]}], "hexpm"},
  "zbase32": {:hex, :zbase32, "2.0.0", "5a61d5ee8f39092d4a243da2a42b5b4339ef226d9b182603f63d5a3f16d192ee", [:mix], [], "hexpm"},
}
